// !$*UTF8*$!
{
	archiveVersion = 1;
	classes = {
	};
	objectVersion = 77;
	objects = {

/* Begin PBXBuildFile section */
		D9BDF1FC2CC9B2B300CCDAE9 /* FirebaseAuth in Frameworks */ = {isa = PBXBuildFile; productRef = D9BDF1FB2CC9B2B300CCDAE9 /* FirebaseAuth */; };
		D9BDF1FE2CC9B2B300CCDAE9 /* FirebaseFirestore in Frameworks */ = {isa = PBXBuildFile; productRef = D9BDF1FD2CC9B2B300CCDAE9 /* FirebaseFirestore */; };
/* End PBXBuildFile section */

/* Begin PBXContainerItemProxy section */
		D9BDF1BB2CC98A7000CCDAE9 /* PBXContainerItemProxy */ = {
			isa = PBXContainerItemProxy;
			containerPortal = D9BDF1A22CC98A6E00CCDAE9 /* Project object */;
			proxyType = 1;
			remoteGlobalIDString = D9BDF1A92CC98A6E00CCDAE9;
			remoteInfo = hw2;
		};
		D9BDF1C52CC98A7000CCDAE9 /* PBXContainerItemProxy */ = {
			isa = PBXContainerItemProxy;
			containerPortal = D9BDF1A22CC98A6E00CCDAE9 /* Project object */;
			proxyType = 1;
			remoteGlobalIDString = D9BDF1A92CC98A6E00CCDAE9;
			remoteInfo = hw2;
		};
/* End PBXContainerItemProxy section */

/* Begin PBXFileReference section */
		D9BDF1AA2CC98A6E00CCDAE9 /* hw2.app */ = {isa = PBXFileReference; explicitFileType = wrapper.application; includeInIndex = 0; path = hw2.app; sourceTree = BUILT_PRODUCTS_DIR; };
		D9BDF1BA2CC98A7000CCDAE9 /* hw2Tests.xctest */ = {isa = PBXFileReference; explicitFileType = wrapper.cfbundle; includeInIndex = 0; path = hw2Tests.xctest; sourceTree = BUILT_PRODUCTS_DIR; };
		D9BDF1C42CC98A7000CCDAE9 /* hw2UITests.xctest */ = {isa = PBXFileReference; explicitFileType = wrapper.cfbundle; includeInIndex = 0; path = hw2UITests.xctest; sourceTree = BUILT_PRODUCTS_DIR; };
/* End PBXFileReference section */

/* Begin PBXFileSystemSynchronizedRootGroup section */
		D9BDF1AC2CC98A6E00CCDAE9 /* hw2 */ = {
			isa = PBXFileSystemSynchronizedRootGroup;
			path = hw2;
			sourceTree = "<group>";
		};
		D9BDF1BD2CC98A7000CCDAE9 /* hw2Tests */ = {
			isa = PBXFileSystemSynchronizedRootGroup;
			path = hw2Tests;
			sourceTree = "<group>";
		};
		D9BDF1C72CC98A7000CCDAE9 /* hw2UITests */ = {
			isa = PBXFileSystemSynchronizedRootGroup;
			path = hw2UITests;
			sourceTree = "<group>";
		};
/* End PBXFileSystemSynchronizedRootGroup section */

/* Begin PBXFrameworksBuildPhase section */
		D9BDF1A72CC98A6E00CCDAE9 /* Frameworks */ = {
			isa = PBXFrameworksBuildPhase;
			buildActionMask = 2147483647;
			files = (
				D9BDF1FC2CC9B2B300CCDAE9 /* FirebaseAuth in Frameworks */,
				D9BDF1FE2CC9B2B300CCDAE9 /* FirebaseFirestore in Frameworks */,
			);
			runOnlyForDeploymentPostprocessing = 0;
		};
		D9BDF1B72CC98A7000CCDAE9 /* Frameworks */ = {
			isa = PBXFrameworksBuildPhase;
			buildActionMask = 2147483647;
			files = (
			);
			runOnlyForDeploymentPostprocessing = 0;
		};
		D9BDF1C12CC98A7000CCDAE9 /* Frameworks */ = {
			isa = PBXFrameworksBuildPhase;
			buildActionMask = 2147483647;
			files = (
			);
			runOnlyForDeploymentPostprocessing = 0;
		};
/* End PBXFrameworksBuildPhase section */

/* Begin PBXGroup section */
		D9BDF1A12CC98A6E00CCDAE9 = {
			isa = PBXGroup;
			children = (
				D9BDF1AC2CC98A6E00CCDAE9 /* hw2 */,
				D9BDF1BD2CC98A7000CCDAE9 /* hw2Tests */,
				D9BDF1C72CC98A7000CCDAE9 /* hw2UITests */,
				D9BDF1AB2CC98A6E00CCDAE9 /* Products */,
			);
			sourceTree = "<group>";
		};
		D9BDF1AB2CC98A6E00CCDAE9 /* Products */ = {
			isa = PBXGroup;
			children = (
				D9BDF1AA2CC98A6E00CCDAE9 /* hw2.app */,
				D9BDF1BA2CC98A7000CCDAE9 /* hw2Tests.xctest */,
				D9BDF1C42CC98A7000CCDAE9 /* hw2UITests.xctest */,
			);
			name = Products;
			sourceTree = "<group>";
		};
/* End PBXGroup section */

/* Begin PBXNativeTarget section */
		D9BDF1A92CC98A6E00CCDAE9 /* hw2 */ = {
			isa = PBXNativeTarget;
			buildConfigurationList = D9BDF1CE2CC98A7000CCDAE9 /* Build configuration list for PBXNativeTarget "hw2" */;
			buildPhases = (
				D9BDF1A62CC98A6E00CCDAE9 /* Sources */,
				D9BDF1A72CC98A6E00CCDAE9 /* Frameworks */,
				D9BDF1A82CC98A6E00CCDAE9 /* Resources */,
			);
			buildRules = (
			);
			dependencies = (
			);
			fileSystemSynchronizedGroups = (
				D9BDF1AC2CC98A6E00CCDAE9 /* hw2 */,
			);
			name = hw2;
			packageProductDependencies = (
				D9BDF1FB2CC9B2B300CCDAE9 /* FirebaseAuth */,
				D9BDF1FD2CC9B2B300CCDAE9 /* FirebaseFirestore */,
			);
			productName = hw2;
			productReference = D9BDF1AA2CC98A6E00CCDAE9 /* hw2.app */;
			productType = "com.apple.product-type.application";
		};
		D9BDF1B92CC98A7000CCDAE9 /* hw2Tests */ = {
			isa = PBXNativeTarget;
			buildConfigurationList = D9BDF1D12CC98A7000CCDAE9 /* Build configuration list for PBXNativeTarget "hw2Tests" */;
			buildPhases = (
				D9BDF1B62CC98A7000CCDAE9 /* Sources */,
				D9BDF1B72CC98A7000CCDAE9 /* Frameworks */,
				D9BDF1B82CC98A7000CCDAE9 /* Resources */,
			);
			buildRules = (
			);
			dependencies = (
				D9BDF1BC2CC98A7000CCDAE9 /* PBXTargetDependency */,
			);
			fileSystemSynchronizedGroups = (
				D9BDF1BD2CC98A7000CCDAE9 /* hw2Tests */,
			);
			name = hw2Tests;
			packageProductDependencies = (
			);
			productName = hw2Tests;
			productReference = D9BDF1BA2CC98A7000CCDAE9 /* hw2Tests.xctest */;
			productType = "com.apple.product-type.bundle.unit-test";
		};
		D9BDF1C32CC98A7000CCDAE9 /* hw2UITests */ = {
			isa = PBXNativeTarget;
			buildConfigurationList = D9BDF1D42CC98A7000CCDAE9 /* Build configuration list for PBXNativeTarget "hw2UITests" */;
			buildPhases = (
				D9BDF1C02CC98A7000CCDAE9 /* Sources */,
				D9BDF1C12CC98A7000CCDAE9 /* Frameworks */,
				D9BDF1C22CC98A7000CCDAE9 /* Resources */,
			);
			buildRules = (
			);
			dependencies = (
				D9BDF1C62CC98A7000CCDAE9 /* PBXTargetDependency */,
			);
			fileSystemSynchronizedGroups = (
				D9BDF1C72CC98A7000CCDAE9 /* hw2UITests */,
			);
			name = hw2UITests;
			packageProductDependencies = (
			);
			productName = hw2UITests;
			productReference = D9BDF1C42CC98A7000CCDAE9 /* hw2UITests.xctest */;
			productType = "com.apple.product-type.bundle.ui-testing";
		};
/* End PBXNativeTarget section */

/* Begin PBXProject section */
		D9BDF1A22CC98A6E00CCDAE9 /* Project object */ = {
			isa = PBXProject;
			attributes = {
				BuildIndependentTargetsInParallel = 1;
				LastSwiftUpdateCheck = 1600;
				LastUpgradeCheck = 1600;
				TargetAttributes = {
					D9BDF1A92CC98A6E00CCDAE9 = {
						CreatedOnToolsVersion = 16.0;
					};
					D9BDF1B92CC98A7000CCDAE9 = {
						CreatedOnToolsVersion = 16.0;
						TestTargetID = D9BDF1A92CC98A6E00CCDAE9;
					};
					D9BDF1C32CC98A7000CCDAE9 = {
						CreatedOnToolsVersion = 16.0;
						TestTargetID = D9BDF1A92CC98A6E00CCDAE9;
					};
				};
			};
			buildConfigurationList = D9BDF1A52CC98A6E00CCDAE9 /* Build configuration list for PBXProject "hw2" */;
			developmentRegion = en;
			hasScannedForEncodings = 0;
			knownRegions = (
				en,
				Base,
			);
			mainGroup = D9BDF1A12CC98A6E00CCDAE9;
			minimizedProjectReferenceProxies = 1;
			packageReferences = (
				D9BDF1F62CC9B05400CCDAE9 /* XCRemoteSwiftPackageReference "firebase-ios-sdk" */,
			);
			preferredProjectObjectVersion = 77;
			productRefGroup = D9BDF1AB2CC98A6E00CCDAE9 /* Products */;
			projectDirPath = "";
			projectRoot = "";
			targets = (
				D9BDF1A92CC98A6E00CCDAE9 /* hw2 */,
				D9BDF1B92CC98A7000CCDAE9 /* hw2Tests */,
				D9BDF1C32CC98A7000CCDAE9 /* hw2UITests */,
			);
		};
/* End PBXProject section */

/* Begin PBXResourcesBuildPhase section */
		D9BDF1A82CC98A6E00CCDAE9 /* Resources */ = {
			isa = PBXResourcesBuildPhase;
			buildActionMask = 2147483647;
			files = (
			);
			runOnlyForDeploymentPostprocessing = 0;
		};
		D9BDF1B82CC98A7000CCDAE9 /* Resources */ = {
			isa = PBXResourcesBuildPhase;
			buildActionMask = 2147483647;
			files = (
			);
			runOnlyForDeploymentPostprocessing = 0;
		};
		D9BDF1C22CC98A7000CCDAE9 /* Resources */ = {
			isa = PBXResourcesBuildPhase;
			buildActionMask = 2147483647;
			files = (
			);
			runOnlyForDeploymentPostprocessing = 0;
		};
/* End PBXResourcesBuildPhase section */

/* Begin PBXSourcesBuildPhase section */
		D9BDF1A62CC98A6E00CCDAE9 /* Sources */ = {
			isa = PBXSourcesBuildPhase;
			buildActionMask = 2147483647;
			files = (
			);
			runOnlyForDeploymentPostprocessing = 0;
		};
		D9BDF1B62CC98A7000CCDAE9 /* Sources */ = {
			isa = PBXSourcesBuildPhase;
			buildActionMask = 2147483647;
			files = (
			);
			runOnlyForDeploymentPostprocessing = 0;
		};
		D9BDF1C02CC98A7000CCDAE9 /* Sources */ = {
			isa = PBXSourcesBuildPhase;
			buildActionMask = 2147483647;
			files = (
			);
			runOnlyForDeploymentPostprocessing = 0;
		};
/* End PBXSourcesBuildPhase section */

/* Begin PBXTargetDependency section */
		D9BDF1BC2CC98A7000CCDAE9 /* PBXTargetDependency */ = {
			isa = PBXTargetDependency;
			target = D9BDF1A92CC98A6E00CCDAE9 /* hw2 */;
			targetProxy = D9BDF1BB2CC98A7000CCDAE9 /* PBXContainerItemProxy */;
		};
		D9BDF1C62CC98A7000CCDAE9 /* PBXTargetDependency */ = {
			isa = PBXTargetDependency;
			target = D9BDF1A92CC98A6E00CCDAE9 /* hw2 */;
			targetProxy = D9BDF1C52CC98A7000CCDAE9 /* PBXContainerItemProxy */;
		};
/* End PBXTargetDependency section */

/* Begin XCBuildConfiguration section */
		D9BDF1CC2CC98A7000CCDAE9 /* Debug */ = {
			isa = XCBuildConfiguration;
			buildSettings = {
				ALWAYS_SEARCH_USER_PATHS = NO;
				ASSETCATALOG_COMPILER_GENERATE_SWIFT_ASSET_SYMBOL_EXTENSIONS = YES;
				CLANG_ANALYZER_NONNULL = YES;
				CLANG_ANALYZER_NUMBER_OBJECT_CONVERSION = YES_AGGRESSIVE;
				CLANG_CXX_LANGUAGE_STANDARD = "gnu++20";
				CLANG_ENABLE_MODULES = YES;
				CLANG_ENABLE_OBJC_ARC = YES;
				CLANG_ENABLE_OBJC_WEAK = YES;
				CLANG_WARN_BLOCK_CAPTURE_AUTORELEASING = YES;
				CLANG_WARN_BOOL_CONVERSION = YES;
				CLANG_WARN_COMMA = YES;
				CLANG_WARN_CONSTANT_CONVERSION = YES;
				CLANG_WARN_DEPRECATED_OBJC_IMPLEMENTATIONS = YES;
				CLANG_WARN_DIRECT_OBJC_ISA_USAGE = YES_ERROR;
				CLANG_WARN_DOCUMENTATION_COMMENTS = YES;
				CLANG_WARN_EMPTY_BODY = YES;
				CLANG_WARN_ENUM_CONVERSION = YES;
				CLANG_WARN_INFINITE_RECURSION = YES;
				CLANG_WARN_INT_CONVERSION = YES;
				CLANG_WARN_NON_LITERAL_NULL_CONVERSION = YES;
				CLANG_WARN_OBJC_IMPLICIT_RETAIN_SELF = YES;
				CLANG_WARN_OBJC_LITERAL_CONVERSION = YES;
				CLANG_WARN_OBJC_ROOT_CLASS = YES_ERROR;
				CLANG_WARN_QUOTED_INCLUDE_IN_FRAMEWORK_HEADER = YES;
				CLANG_WARN_RANGE_LOOP_ANALYSIS = YES;
				CLANG_WARN_STRICT_PROTOTYPES = YES;
				CLANG_WARN_SUSPICIOUS_MOVE = YES;
				CLANG_WARN_UNGUARDED_AVAILABILITY = YES_AGGRESSIVE;
				CLANG_WARN_UNREACHABLE_CODE = YES;
				CLANG_WARN__DUPLICATE_METHOD_MATCH = YES;
				COPY_PHASE_STRIP = NO;
				DEBUG_INFORMATION_FORMAT = dwarf;
				ENABLE_STRICT_OBJC_MSGSEND = YES;
				ENABLE_TESTABILITY = YES;
				ENABLE_USER_SCRIPT_SANDBOXING = YES;
				GCC_C_LANGUAGE_STANDARD = gnu17;
				GCC_DYNAMIC_NO_PIC = NO;
				GCC_NO_COMMON_BLOCKS = YES;
				GCC_OPTIMIZATION_LEVEL = 0;
				GCC_PREPROCESSOR_DEFINITIONS = (
					"DEBUG=1",
					"$(inherited)",
				);
				GCC_WARN_64_TO_32_BIT_CONVERSION = YES;
				GCC_WARN_ABOUT_RETURN_TYPE = YES_ERROR;
				GCC_WARN_UNDECLARED_SELECTOR = YES;
				GCC_WARN_UNINITIALIZED_AUTOS = YES_AGGRESSIVE;
				GCC_WARN_UNUSED_FUNCTION = YES;
				GCC_WARN_UNUSED_VARIABLE = YES;
				IPHONEOS_DEPLOYMENT_TARGET = 18.0;
				LOCALIZATION_PREFERS_STRING_CATALOGS = YES;
				MTL_ENABLE_DEBUG_INFO = INCLUDE_SOURCE;
				MTL_FAST_MATH = YES;
				ONLY_ACTIVE_ARCH = YES;
				SDKROOT = iphoneos;
				SWIFT_ACTIVE_COMPILATION_CONDITIONS = "DEBUG $(inherited)";
				SWIFT_OPTIMIZATION_LEVEL = "-Onone";
			};
			name = Debug;
		};
		D9BDF1CD2CC98A7000CCDAE9 /* Release */ = {
			isa = XCBuildConfiguration;
			buildSettings = {
				ALWAYS_SEARCH_USER_PATHS = NO;
				ASSETCATALOG_COMPILER_GENERATE_SWIFT_ASSET_SYMBOL_EXTENSIONS = YES;
				CLANG_ANALYZER_NONNULL = YES;
				CLANG_ANALYZER_NUMBER_OBJECT_CONVERSION = YES_AGGRESSIVE;
				CLANG_CXX_LANGUAGE_STANDARD = "gnu++20";
				CLANG_ENABLE_MODULES = YES;
				CLANG_ENABLE_OBJC_ARC = YES;
				CLANG_ENABLE_OBJC_WEAK = YES;
				CLANG_WARN_BLOCK_CAPTURE_AUTORELEASING = YES;
				CLANG_WARN_BOOL_CONVERSION = YES;
				CLANG_WARN_COMMA = YES;
				CLANG_WARN_CONSTANT_CONVERSION = YES;
				CLANG_WARN_DEPRECATED_OBJC_IMPLEMENTATIONS = YES;
				CLANG_WARN_DIRECT_OBJC_ISA_USAGE = YES_ERROR;
				CLANG_WARN_DOCUMENTATION_COMMENTS = YES;
				CLANG_WARN_EMPTY_BODY = YES;
				CLANG_WARN_ENUM_CONVERSION = YES;
				CLANG_WARN_INFINITE_RECURSION = YES;
				CLANG_WARN_INT_CONVERSION = YES;
				CLANG_WARN_NON_LITERAL_NULL_CONVERSION = YES;
				CLANG_WARN_OBJC_IMPLICIT_RETAIN_SELF = YES;
				CLANG_WARN_OBJC_LITERAL_CONVERSION = YES;
				CLANG_WARN_OBJC_ROOT_CLASS = YES_ERROR;
				CLANG_WARN_QUOTED_INCLUDE_IN_FRAMEWORK_HEADER = YES;
				CLANG_WARN_RANGE_LOOP_ANALYSIS = YES;
				CLANG_WARN_STRICT_PROTOTYPES = YES;
				CLANG_WARN_SUSPICIOUS_MOVE = YES;
				CLANG_WARN_UNGUARDED_AVAILABILITY = YES_AGGRESSIVE;
				CLANG_WARN_UNREACHABLE_CODE = YES;
				CLANG_WARN__DUPLICATE_METHOD_MATCH = YES;
				COPY_PHASE_STRIP = NO;
				DEBUG_INFORMATION_FORMAT = "dwarf-with-dsym";
				ENABLE_NS_ASSERTIONS = NO;
				ENABLE_STRICT_OBJC_MSGSEND = YES;
				ENABLE_USER_SCRIPT_SANDBOXING = YES;
				GCC_C_LANGUAGE_STANDARD = gnu17;
				GCC_NO_COMMON_BLOCKS = YES;
				GCC_WARN_64_TO_32_BIT_CONVERSION = YES;
				GCC_WARN_ABOUT_RETURN_TYPE = YES_ERROR;
				GCC_WARN_UNDECLARED_SELECTOR = YES;
				GCC_WARN_UNINITIALIZED_AUTOS = YES_AGGRESSIVE;
				GCC_WARN_UNUSED_FUNCTION = YES;
				GCC_WARN_UNUSED_VARIABLE = YES;
				IPHONEOS_DEPLOYMENT_TARGET = 18.0;
				LOCALIZATION_PREFERS_STRING_CATALOGS = YES;
				MTL_ENABLE_DEBUG_INFO = NO;
				MTL_FAST_MATH = YES;
				SDKROOT = iphoneos;
				SWIFT_COMPILATION_MODE = wholemodule;
				VALIDATE_PRODUCT = YES;
			};
			name = Release;
		};
		D9BDF1CF2CC98A7000CCDAE9 /* Debug */ = {
			isa = XCBuildConfiguration;
			buildSettings = {
				ASSETCATALOG_COMPILER_APPICON_NAME = AppIcon;
				ASSETCATALOG_COMPILER_GLOBAL_ACCENT_COLOR_NAME = AccentColor;
				CODE_SIGN_STYLE = Automatic;
				CURRENT_PROJECT_VERSION = 1;
				DEVELOPMENT_ASSET_PATHS = "\"hw2/Preview Content\"";
				DEVELOPMENT_TEAM = 3P95LFN7R4;
				ENABLE_PREVIEWS = YES;
				GENERATE_INFOPLIST_FILE = YES;
				INFOPLIST_KEY_UIApplicationSceneManifest_Generation = YES;
				INFOPLIST_KEY_UIApplicationSupportsIndirectInputEvents = YES;
				INFOPLIST_KEY_UILaunchScreen_Generation = YES;
				INFOPLIST_KEY_UISupportedInterfaceOrientations_iPad = "UIInterfaceOrientationPortrait UIInterfaceOrientationPortraitUpsideDown UIInterfaceOrientationLandscapeLeft UIInterfaceOrientationLandscapeRight";
				INFOPLIST_KEY_UISupportedInterfaceOrientations_iPhone = "UIInterfaceOrientationPortrait UIInterfaceOrientationLandscapeLeft UIInterfaceOrientationLandscapeRight";
				LD_RUNPATH_SEARCH_PATHS = (
					"$(inherited)",
					"@executable_path/Frameworks",
				);
				MARKETING_VERSION = 1.0;
				PRODUCT_BUNDLE_IDENTIFIER = cs184.hw2;
				PRODUCT_NAME = "$(TARGET_NAME)";
				SWIFT_EMIT_LOC_STRINGS = YES;
				SWIFT_VERSION = 5.0;
				TARGETED_DEVICE_FAMILY = "1,2";
			};
			name = Debug;
		};
		D9BDF1D02CC98A7000CCDAE9 /* Release */ = {
			isa = XCBuildConfiguration;
			buildSettings = {
				ASSETCATALOG_COMPILER_APPICON_NAME = AppIcon;
				ASSETCATALOG_COMPILER_GLOBAL_ACCENT_COLOR_NAME = AccentColor;
				CODE_SIGN_STYLE = Automatic;
				CURRENT_PROJECT_VERSION = 1;
				DEVELOPMENT_ASSET_PATHS = "\"hw2/Preview Content\"";
				DEVELOPMENT_TEAM = 3P95LFN7R4;
				ENABLE_PREVIEWS = YES;
				GENERATE_INFOPLIST_FILE = YES;
				INFOPLIST_KEY_UIApplicationSceneManifest_Generation = YES;
				INFOPLIST_KEY_UIApplicationSupportsIndirectInputEvents = YES;
				INFOPLIST_KEY_UILaunchScreen_Generation = YES;
				INFOPLIST_KEY_UISupportedInterfaceOrientations_iPad = "UIInterfaceOrientationPortrait UIInterfaceOrientationPortraitUpsideDown UIInterfaceOrientationLandscapeLeft UIInterfaceOrientationLandscapeRight";
				INFOPLIST_KEY_UISupportedInterfaceOrientations_iPhone = "UIInterfaceOrientationPortrait UIInterfaceOrientationLandscapeLeft UIInterfaceOrientationLandscapeRight";
				LD_RUNPATH_SEARCH_PATHS = (
					"$(inherited)",
					"@executable_path/Frameworks",
				);
				MARKETING_VERSION = 1.0;
				PRODUCT_BUNDLE_IDENTIFIER = cs184.hw2;
				PRODUCT_NAME = "$(TARGET_NAME)";
				SWIFT_EMIT_LOC_STRINGS = YES;
				SWIFT_VERSION = 5.0;
				TARGETED_DEVICE_FAMILY = "1,2";
			};
			name = Release;
		};
		D9BDF1D22CC98A7000CCDAE9 /* Debug */ = {
			isa = XCBuildConfiguration;
			buildSettings = {
				BUNDLE_LOADER = "$(TEST_HOST)";
				CODE_SIGN_STYLE = Automatic;
				CURRENT_PROJECT_VERSION = 1;
				DEVELOPMENT_TEAM = 3P95LFN7R4;
				GENERATE_INFOPLIST_FILE = YES;
				IPHONEOS_DEPLOYMENT_TARGET = 18.0;
				MARKETING_VERSION = 1.0;
				PRODUCT_BUNDLE_IDENTIFIER = cs184.hw2Tests;
				PRODUCT_NAME = "$(TARGET_NAME)";
				SWIFT_EMIT_LOC_STRINGS = NO;
				SWIFT_VERSION = 5.0;
				TARGETED_DEVICE_FAMILY = "1,2";
				TEST_HOST = "$(BUILT_PRODUCTS_DIR)/hw2.app/$(BUNDLE_EXECUTABLE_FOLDER_PATH)/hw2";
			};
			name = Debug;
		};
		D9BDF1D32CC98A7000CCDAE9 /* Release */ = {
			isa = XCBuildConfiguration;
			buildSettings = {
				BUNDLE_LOADER = "$(TEST_HOST)";
				CODE_SIGN_STYLE = Automatic;
				CURRENT_PROJECT_VERSION = 1;
				DEVELOPMENT_TEAM = 3P95LFN7R4;
				GENERATE_INFOPLIST_FILE = YES;
				IPHONEOS_DEPLOYMENT_TARGET = 18.0;
				MARKETING_VERSION = 1.0;
				PRODUCT_BUNDLE_IDENTIFIER = cs184.hw2Tests;
				PRODUCT_NAME = "$(TARGET_NAME)";
				SWIFT_EMIT_LOC_STRINGS = NO;
				SWIFT_VERSION = 5.0;
				TARGETED_DEVICE_FAMILY = "1,2";
				TEST_HOST = "$(BUILT_PRODUCTS_DIR)/hw2.app/$(BUNDLE_EXECUTABLE_FOLDER_PATH)/hw2";
			};
			name = Release;
		};
		D9BDF1D52CC98A7000CCDAE9 /* Debug */ = {
			isa = XCBuildConfiguration;
			buildSettings = {
				CODE_SIGN_STYLE = Automatic;
				CURRENT_PROJECT_VERSION = 1;
				DEVELOPMENT_TEAM = 3P95LFN7R4;
				GENERATE_INFOPLIST_FILE = YES;
				MARKETING_VERSION = 1.0;
				PRODUCT_BUNDLE_IDENTIFIER = cs184.hw2UITests;
				PRODUCT_NAME = "$(TARGET_NAME)";
				SWIFT_EMIT_LOC_STRINGS = NO;
				SWIFT_VERSION = 5.0;
				TARGETED_DEVICE_FAMILY = "1,2";
				TEST_TARGET_NAME = hw2;
			};
			name = Debug;
		};
		D9BDF1D62CC98A7000CCDAE9 /* Release */ = {
			isa = XCBuildConfiguration;
			buildSettings = {
				CODE_SIGN_STYLE = Automatic;
				CURRENT_PROJECT_VERSION = 1;
				DEVELOPMENT_TEAM = 3P95LFN7R4;
				GENERATE_INFOPLIST_FILE = YES;
				MARKETING_VERSION = 1.0;
				PRODUCT_BUNDLE_IDENTIFIER = cs184.hw2UITests;
				PRODUCT_NAME = "$(TARGET_NAME)";
				SWIFT_EMIT_LOC_STRINGS = NO;
				SWIFT_VERSION = 5.0;
				TARGETED_DEVICE_FAMILY = "1,2";
				TEST_TARGET_NAME = hw2;
			};
			name = Release;
		};
/* End XCBuildConfiguration section */

/* Begin XCConfigurationList section */
		D9BDF1A52CC98A6E00CCDAE9 /* Build configuration list for PBXProject "hw2" */ = {
			isa = XCConfigurationList;
			buildConfigurations = (
				D9BDF1CC2CC98A7000CCDAE9 /* Debug */,
				D9BDF1CD2CC98A7000CCDAE9 /* Release */,
			);
			defaultConfigurationIsVisible = 0;
			defaultConfigurationName = Release;
		};
		D9BDF1CE2CC98A7000CCDAE9 /* Build configuration list for PBXNativeTarget "hw2" */ = {
			isa = XCConfigurationList;
			buildConfigurations = (
				D9BDF1CF2CC98A7000CCDAE9 /* Debug */,
				D9BDF1D02CC98A7000CCDAE9 /* Release */,
			);
			defaultConfigurationIsVisible = 0;
			defaultConfigurationName = Release;
		};
		D9BDF1D12CC98A7000CCDAE9 /* Build configuration list for PBXNativeTarget "hw2Tests" */ = {
			isa = XCConfigurationList;
			buildConfigurations = (
				D9BDF1D22CC98A7000CCDAE9 /* Debug */,
				D9BDF1D32CC98A7000CCDAE9 /* Release */,
			);
			defaultConfigurationIsVisible = 0;
			defaultConfigurationName = Release;
		};
		D9BDF1D42CC98A7000CCDAE9 /* Build configuration list for PBXNativeTarget "hw2UITests" */ = {
			isa = XCConfigurationList;
			buildConfigurations = (
				D9BDF1D52CC98A7000CCDAE9 /* Debug */,
				D9BDF1D62CC98A7000CCDAE9 /* Release */,
			);
			defaultConfigurationIsVisible = 0;
			defaultConfigurationName = Release;
		};
/* End XCConfigurationList section */

/* Begin XCRemoteSwiftPackageReference section */
		D9BDF1F62CC9B05400CCDAE9 /* XCRemoteSwiftPackageReference "firebase-ios-sdk" */ = {
			isa = XCRemoteSwiftPackageReference;
			repositoryURL = "https://github.com/firebase/firebase-ios-sdk";
			requirement = {
				kind = upToNextMajorVersion;
				minimumVersion = 11.4.0;
			};
		};
/* End XCRemoteSwiftPackageReference section */

/* Begin XCSwiftPackageProductDependency section */
		D9BDF1FB2CC9B2B300CCDAE9 /* FirebaseAuth */ = {
			isa = XCSwiftPackageProductDependency;
			package = D9BDF1F62CC9B05400CCDAE9 /* XCRemoteSwiftPackageReference "firebase-ios-sdk" */;
			productName = FirebaseAuth;
		};
		D9BDF1FD2CC9B2B300CCDAE9 /* FirebaseFirestore */ = {
			isa = XCSwiftPackageProductDependency;
			package = D9BDF1F62CC9B05400CCDAE9 /* XCRemoteSwiftPackageReference "firebase-ios-sdk" */;
			productName = FirebaseFirestore;
		};
/* End XCSwiftPackageProductDependency section */
	};
	rootObject = D9BDF1A22CC98A6E00CCDAE9 /* Project object */;
}
